
Microsoft Visual Studio Solution File, Format Version 12.00
# Visual Studio Version 17
VisualStudioVersion = 17.10.34928.147
MinimumVisualStudioVersion = 10.0.40219.1
Project("{FAE04EC0-301F-11D3-BF4B-00C04F79EFBC}") = "Smart-Cart", "Smart-Cart\Smart-Cart.csproj", "{84F7D666-5AB9-444B-B967-18920ABC582A}"
EndProject
Global
	GlobalSection(SolutionConfigurationPlatforms) = preSolution
		Debug|Any CPU = Debug|Any CPU
		Release|Any CPU = Release|Any CPU
	EndGlobalSection
	GlobalSection(ProjectConfigurationPlatforms) = postSolution
		{84F7D666-5AB9-444B-B967-18920ABC582A}.Debug|Any CPU.ActiveCfg = Debug|Any CPU
		{84F7D666-5AB9-444B-B967-18920ABC582A}.Debug|Any CPU.Build.0 = Debug|Any CPU
		{84F7D666-5AB9-444B-B967-18920ABC582A}.Release|Any CPU.ActiveCfg = Release|Any CPU
		{84F7D666-5AB9-444B-B967-18920ABC582A}.Release|Any CPU.Build.0 = Release|Any CPU
	EndGlobalSection
	GlobalSection(SolutionProperties) = preSolution
		HideSolutionNode = FALSE
	EndGlobalSection
	GlobalSection(ExtensibilityGlobals) = postSolution
		SolutionGuid = {3402173F-BE69-40C7-8E07-EE06B693B7FC}
	EndGlobalSection
EndGlobal
